
Microsoft Visual Studio Solution File, Format Version 12.00
# Visual Studio 15
VisualStudioVersion = 15.0.26124.0
MinimumVisualStudioVersion = 15.0.26124.0
Project("{2150E333-8FDC-42A3-9474-1A3956D46DE8}") = "src", "src", "{5B272A24-8E04-4C45-8C58-550DCE9A11DE}"
EndProject
Project("{2150E333-8FDC-42A3-9474-1A3956D46DE8}") = "1.0.Presentation", "1.0.Presentation", "{D5CED4E0-385E-4913-B601-729F8421B343}"
EndProject
Project("{FAE04EC0-301F-11D3-BF4B-00C04F79EFBC}") = "Presentation.API", "src\1.0.Presentation\Presentation.API\Presentation.API.csproj", "{0792BB94-875D-4F52-94B5-3E46518617C7}"
EndProject
Project("{FAE04EC0-301F-11D3-BF4B-00C04F79EFBC}") = "Presentation.Utils", "src\1.0.Presentation\Presentation.Utils\Presentation.Utils.csproj", "{78D6906A-95D3-4790-9F91-8EB53FD8C088}"
EndProject
Project("{2150E333-8FDC-42A3-9474-1A3956D46DE8}") = "2.0.Application", "2.0.Application", "{DFF3C93D-3310-4D37-A615-81C705B0C314}"
EndProject
Project("{FAE04EC0-301F-11D3-BF4B-00C04F79EFBC}") = "Application", "src\2.0.Application\Application\Application.csproj", "{1A75974F-05DA-49DE-88BA-6BDA45C7555B}"
EndProject
Project("{2150E333-8FDC-42A3-9474-1A3956D46DE8}") = "3.0.Domain", "3.0.Domain", "{ADAA5AEB-A4CA-4AF2-B5A1-4991774DD5F5}"
EndProject
Project("{FAE04EC0-301F-11D3-BF4B-00C04F79EFBC}") = "Domain", "src\3.0.Domain\Domain\Domain.csproj", "{F1746255-3442-4DC6-88C5-7794543D4FC2}"
EndProject
Project("{FAE04EC0-301F-11D3-BF4B-00C04F79EFBC}") = "Domain.Core", "src\3.0.Domain\Domain.Core\Domain.Core.csproj", "{2FE7C9E2-C26B-42CE-816D-E0EDE2CEBF29}"
EndProject
Project("{FAE04EC0-301F-11D3-BF4B-00C04F79EFBC}") = "Domain.Services", "src\3.0.Domain\Domain.Services\Domain.Services.csproj", "{F3CBAA38-042A-4812-8142-BE7D286B3CE8}"
EndProject
Project("{2150E333-8FDC-42A3-9474-1A3956D46DE8}") = "4.0.Infrastructure", "4.0.Infrastructure", "{639BF160-17A2-4B85-8F96-CCECAB03E187}"
EndProject
Project("{FAE04EC0-301F-11D3-BF4B-00C04F79EFBC}") = "Infrastructure.Adapter", "src\4.0.Infrastructure\Infrastructure.Adapter\Infrastructure.Adapter.csproj", "{C9D154C2-1E4F-40FC-B6D6-77FD3A24B363}"
EndProject
Project("{FAE04EC0-301F-11D3-BF4B-00C04F79EFBC}") = "Infrastructure.Data", "src\4.0.Infrastructure\Infrastructure.Data\Infrastructure.Data.csproj", "{06881743-7F1D-42A8-947A-C2ADBC91560A}"
EndProject
Project("{FAE04EC0-301F-11D3-BF4B-00C04F79EFBC}") = "Infrastructure.IOC", "src\4.0.Infrastructure\Infrastructure.IOC\Infrastructure.IOC.csproj", "{EA81CA6B-A10B-4ED2-A295-E439FA56F20A}"
EndProject
Project("{FAE04EC0-301F-11D3-BF4B-00C04F79EFBC}") = "Infrastructure.Repository", "src\4.0.Infrastructure\Infrastructure.Repository\Infrastructure.Repository.csproj", "{0A3F6761-D856-421A-B9ED-EB637ABFBBD5}"
EndProject
Project("{FAE04EC0-301F-11D3-BF4B-00C04F79EFBC}") = "Application.DTO", "src\2.0.Application\Application.DTO\Application.DTO.csproj", "{B99FA456-788F-49D2-8D7F-7281306E21C7}"
EndProject
Global
	GlobalSection(SolutionConfigurationPlatforms) = preSolution
		Debug|Any CPU = Debug|Any CPU
		Debug|x64 = Debug|x64
		Debug|x86 = Debug|x86
		Release|Any CPU = Release|Any CPU
		Release|x64 = Release|x64
		Release|x86 = Release|x86
	EndGlobalSection
	GlobalSection(SolutionProperties) = preSolution
		HideSolutionNode = FALSE
	EndGlobalSection
	GlobalSection(ProjectConfigurationPlatforms) = postSolution
		{0792BB94-875D-4F52-94B5-3E46518617C7}.Debug|Any CPU.ActiveCfg = Debug|Any CPU
		{0792BB94-875D-4F52-94B5-3E46518617C7}.Debug|Any CPU.Build.0 = Debug|Any CPU
		{0792BB94-875D-4F52-94B5-3E46518617C7}.Debug|x64.ActiveCfg = Debug|Any CPU
		{0792BB94-875D-4F52-94B5-3E46518617C7}.Debug|x64.Build.0 = Debug|Any CPU
		{0792BB94-875D-4F52-94B5-3E46518617C7}.Debug|x86.ActiveCfg = Debug|Any CPU
		{0792BB94-875D-4F52-94B5-3E46518617C7}.Debug|x86.Build.0 = Debug|Any CPU
		{0792BB94-875D-4F52-94B5-3E46518617C7}.Release|Any CPU.ActiveCfg = Release|Any CPU
		{0792BB94-875D-4F52-94B5-3E46518617C7}.Release|Any CPU.Build.0 = Release|Any CPU
		{0792BB94-875D-4F52-94B5-3E46518617C7}.Release|x64.ActiveCfg = Release|Any CPU
		{0792BB94-875D-4F52-94B5-3E46518617C7}.Release|x64.Build.0 = Release|Any CPU
		{0792BB94-875D-4F52-94B5-3E46518617C7}.Release|x86.ActiveCfg = Release|Any CPU
		{0792BB94-875D-4F52-94B5-3E46518617C7}.Release|x86.Build.0 = Release|Any CPU
		{78D6906A-95D3-4790-9F91-8EB53FD8C088}.Debug|Any CPU.ActiveCfg = Debug|Any CPU
		{78D6906A-95D3-4790-9F91-8EB53FD8C088}.Debug|Any CPU.Build.0 = Debug|Any CPU
		{78D6906A-95D3-4790-9F91-8EB53FD8C088}.Debug|x64.ActiveCfg = Debug|Any CPU
		{78D6906A-95D3-4790-9F91-8EB53FD8C088}.Debug|x64.Build.0 = Debug|Any CPU
		{78D6906A-95D3-4790-9F91-8EB53FD8C088}.Debug|x86.ActiveCfg = Debug|Any CPU
		{78D6906A-95D3-4790-9F91-8EB53FD8C088}.Debug|x86.Build.0 = Debug|Any CPU
		{78D6906A-95D3-4790-9F91-8EB53FD8C088}.Release|Any CPU.ActiveCfg = Release|Any CPU
		{78D6906A-95D3-4790-9F91-8EB53FD8C088}.Release|Any CPU.Build.0 = Release|Any CPU
		{78D6906A-95D3-4790-9F91-8EB53FD8C088}.Release|x64.ActiveCfg = Release|Any CPU
		{78D6906A-95D3-4790-9F91-8EB53FD8C088}.Release|x64.Build.0 = Release|Any CPU
		{78D6906A-95D3-4790-9F91-8EB53FD8C088}.Release|x86.ActiveCfg = Release|Any CPU
		{78D6906A-95D3-4790-9F91-8EB53FD8C088}.Release|x86.Build.0 = Release|Any CPU
		{1A75974F-05DA-49DE-88BA-6BDA45C7555B}.Debug|Any CPU.ActiveCfg = Debug|Any CPU
		{1A75974F-05DA-49DE-88BA-6BDA45C7555B}.Debug|Any CPU.Build.0 = Debug|Any CPU
		{1A75974F-05DA-49DE-88BA-6BDA45C7555B}.Debug|x64.ActiveCfg = Debug|Any CPU
		{1A75974F-05DA-49DE-88BA-6BDA45C7555B}.Debug|x64.Build.0 = Debug|Any CPU
		{1A75974F-05DA-49DE-88BA-6BDA45C7555B}.Debug|x86.ActiveCfg = Debug|Any CPU
		{1A75974F-05DA-49DE-88BA-6BDA45C7555B}.Debug|x86.Build.0 = Debug|Any CPU
		{1A75974F-05DA-49DE-88BA-6BDA45C7555B}.Release|Any CPU.ActiveCfg = Release|Any CPU
		{1A75974F-05DA-49DE-88BA-6BDA45C7555B}.Release|Any CPU.Build.0 = Release|Any CPU
		{1A75974F-05DA-49DE-88BA-6BDA45C7555B}.Release|x64.ActiveCfg = Release|Any CPU
		{1A75974F-05DA-49DE-88BA-6BDA45C7555B}.Release|x64.Build.0 = Release|Any CPU
		{1A75974F-05DA-49DE-88BA-6BDA45C7555B}.Release|x86.ActiveCfg = Release|Any CPU
		{1A75974F-05DA-49DE-88BA-6BDA45C7555B}.Release|x86.Build.0 = Release|Any CPU
		{F1746255-3442-4DC6-88C5-7794543D4FC2}.Debug|Any CPU.ActiveCfg = Debug|Any CPU
		{F1746255-3442-4DC6-88C5-7794543D4FC2}.Debug|Any CPU.Build.0 = Debug|Any CPU
		{F1746255-3442-4DC6-88C5-7794543D4FC2}.Debug|x64.ActiveCfg = Debug|Any CPU
		{F1746255-3442-4DC6-88C5-7794543D4FC2}.Debug|x64.Build.0 = Debug|Any CPU
		{F1746255-3442-4DC6-88C5-7794543D4FC2}.Debug|x86.ActiveCfg = Debug|Any CPU
		{F1746255-3442-4DC6-88C5-7794543D4FC2}.Debug|x86.Build.0 = Debug|Any CPU
		{F1746255-3442-4DC6-88C5-7794543D4FC2}.Release|Any CPU.ActiveCfg = Release|Any CPU
		{F1746255-3442-4DC6-88C5-7794543D4FC2}.Release|Any CPU.Build.0 = Release|Any CPU
		{F1746255-3442-4DC6-88C5-7794543D4FC2}.Release|x64.ActiveCfg = Release|Any CPU
		{F1746255-3442-4DC6-88C5-7794543D4FC2}.Release|x64.Build.0 = Release|Any CPU
		{F1746255-3442-4DC6-88C5-7794543D4FC2}.Release|x86.ActiveCfg = Release|Any CPU
		{F1746255-3442-4DC6-88C5-7794543D4FC2}.Release|x86.Build.0 = Release|Any CPU
		{2FE7C9E2-C26B-42CE-816D-E0EDE2CEBF29}.Debug|Any CPU.ActiveCfg = Debug|Any CPU
		{2FE7C9E2-C26B-42CE-816D-E0EDE2CEBF29}.Debug|Any CPU.Build.0 = Debug|Any CPU
		{2FE7C9E2-C26B-42CE-816D-E0EDE2CEBF29}.Debug|x64.ActiveCfg = Debug|Any CPU
		{2FE7C9E2-C26B-42CE-816D-E0EDE2CEBF29}.Debug|x64.Build.0 = Debug|Any CPU
		{2FE7C9E2-C26B-42CE-816D-E0EDE2CEBF29}.Debug|x86.ActiveCfg = Debug|Any CPU
		{2FE7C9E2-C26B-42CE-816D-E0EDE2CEBF29}.Debug|x86.Build.0 = Debug|Any CPU
		{2FE7C9E2-C26B-42CE-816D-E0EDE2CEBF29}.Release|Any CPU.ActiveCfg = Release|Any CPU
		{2FE7C9E2-C26B-42CE-816D-E0EDE2CEBF29}.Release|Any CPU.Build.0 = Release|Any CPU
		{2FE7C9E2-C26B-42CE-816D-E0EDE2CEBF29}.Release|x64.ActiveCfg = Release|Any CPU
		{2FE7C9E2-C26B-42CE-816D-E0EDE2CEBF29}.Release|x64.Build.0 = Release|Any CPU
		{2FE7C9E2-C26B-42CE-816D-E0EDE2CEBF29}.Release|x86.ActiveCfg = Release|Any CPU
		{2FE7C9E2-C26B-42CE-816D-E0EDE2CEBF29}.Release|x86.Build.0 = Release|Any CPU
		{F3CBAA38-042A-4812-8142-BE7D286B3CE8}.Debug|Any CPU.ActiveCfg = Debug|Any CPU
		{F3CBAA38-042A-4812-8142-BE7D286B3CE8}.Debug|Any CPU.Build.0 = Debug|Any CPU
		{F3CBAA38-042A-4812-8142-BE7D286B3CE8}.Debug|x64.ActiveCfg = Debug|Any CPU
		{F3CBAA38-042A-4812-8142-BE7D286B3CE8}.Debug|x64.Build.0 = Debug|Any CPU
		{F3CBAA38-042A-4812-8142-BE7D286B3CE8}.Debug|x86.ActiveCfg = Debug|Any CPU
		{F3CBAA38-042A-4812-8142-BE7D286B3CE8}.Debug|x86.Build.0 = Debug|Any CPU
		{F3CBAA38-042A-4812-8142-BE7D286B3CE8}.Release|Any CPU.ActiveCfg = Release|Any CPU
		{F3CBAA38-042A-4812-8142-BE7D286B3CE8}.Release|Any CPU.Build.0 = Release|Any CPU
		{F3CBAA38-042A-4812-8142-BE7D286B3CE8}.Release|x64.ActiveCfg = Release|Any CPU
		{F3CBAA38-042A-4812-8142-BE7D286B3CE8}.Release|x64.Build.0 = Release|Any CPU
		{F3CBAA38-042A-4812-8142-BE7D286B3CE8}.Release|x86.ActiveCfg = Release|Any CPU
		{F3CBAA38-042A-4812-8142-BE7D286B3CE8}.Release|x86.Build.0 = Release|Any CPU
		{C9D154C2-1E4F-40FC-B6D6-77FD3A24B363}.Debug|Any CPU.ActiveCfg = Debug|Any CPU
		{C9D154C2-1E4F-40FC-B6D6-77FD3A24B363}.Debug|Any CPU.Build.0 = Debug|Any CPU
		{C9D154C2-1E4F-40FC-B6D6-77FD3A24B363}.Debug|x64.ActiveCfg = Debug|Any CPU
		{C9D154C2-1E4F-40FC-B6D6-77FD3A24B363}.Debug|x64.Build.0 = Debug|Any CPU
		{C9D154C2-1E4F-40FC-B6D6-77FD3A24B363}.Debug|x86.ActiveCfg = Debug|Any CPU
		{C9D154C2-1E4F-40FC-B6D6-77FD3A24B363}.Debug|x86.Build.0 = Debug|Any CPU
		{C9D154C2-1E4F-40FC-B6D6-77FD3A24B363}.Release|Any CPU.ActiveCfg = Release|Any CPU
		{C9D154C2-1E4F-40FC-B6D6-77FD3A24B363}.Release|Any CPU.Build.0 = Release|Any CPU
		{C9D154C2-1E4F-40FC-B6D6-77FD3A24B363}.Release|x64.ActiveCfg = Release|Any CPU
		{C9D154C2-1E4F-40FC-B6D6-77FD3A24B363}.Release|x64.Build.0 = Release|Any CPU
		{C9D154C2-1E4F-40FC-B6D6-77FD3A24B363}.Release|x86.ActiveCfg = Release|Any CPU
		{C9D154C2-1E4F-40FC-B6D6-77FD3A24B363}.Release|x86.Build.0 = Release|Any CPU
		{06881743-7F1D-42A8-947A-C2ADBC91560A}.Debug|Any CPU.ActiveCfg = Debug|Any CPU
		{06881743-7F1D-42A8-947A-C2ADBC91560A}.Debug|Any CPU.Build.0 = Debug|Any CPU
		{06881743-7F1D-42A8-947A-C2ADBC91560A}.Debug|x64.ActiveCfg = Debug|Any CPU
		{06881743-7F1D-42A8-947A-C2ADBC91560A}.Debug|x64.Build.0 = Debug|Any CPU
		{06881743-7F1D-42A8-947A-C2ADBC91560A}.Debug|x86.ActiveCfg = Debug|Any CPU
		{06881743-7F1D-42A8-947A-C2ADBC91560A}.Debug|x86.Build.0 = Debug|Any CPU
		{06881743-7F1D-42A8-947A-C2ADBC91560A}.Release|Any CPU.ActiveCfg = Release|Any CPU
		{06881743-7F1D-42A8-947A-C2ADBC91560A}.Release|Any CPU.Build.0 = Release|Any CPU
		{06881743-7F1D-42A8-947A-C2ADBC91560A}.Release|x64.ActiveCfg = Release|Any CPU
		{06881743-7F1D-42A8-947A-C2ADBC91560A}.Release|x64.Build.0 = Release|Any CPU
		{06881743-7F1D-42A8-947A-C2ADBC91560A}.Release|x86.ActiveCfg = Release|Any CPU
		{06881743-7F1D-42A8-947A-C2ADBC91560A}.Release|x86.Build.0 = Release|Any CPU
		{EA81CA6B-A10B-4ED2-A295-E439FA56F20A}.Debug|Any CPU.ActiveCfg = Debug|Any CPU
		{EA81CA6B-A10B-4ED2-A295-E439FA56F20A}.Debug|Any CPU.Build.0 = Debug|Any CPU
		{EA81CA6B-A10B-4ED2-A295-E439FA56F20A}.Debug|x64.ActiveCfg = Debug|Any CPU
		{EA81CA6B-A10B-4ED2-A295-E439FA56F20A}.Debug|x64.Build.0 = Debug|Any CPU
		{EA81CA6B-A10B-4ED2-A295-E439FA56F20A}.Debug|x86.ActiveCfg = Debug|Any CPU
		{EA81CA6B-A10B-4ED2-A295-E439FA56F20A}.Debug|x86.Build.0 = Debug|Any CPU
		{EA81CA6B-A10B-4ED2-A295-E439FA56F20A}.Release|Any CPU.ActiveCfg = Release|Any CPU
		{EA81CA6B-A10B-4ED2-A295-E439FA56F20A}.Release|Any CPU.Build.0 = Release|Any CPU
		{EA81CA6B-A10B-4ED2-A295-E439FA56F20A}.Release|x64.ActiveCfg = Release|Any CPU
		{EA81CA6B-A10B-4ED2-A295-E439FA56F20A}.Release|x64.Build.0 = Release|Any CPU
		{EA81CA6B-A10B-4ED2-A295-E439FA56F20A}.Release|x86.ActiveCfg = Release|Any CPU
		{EA81CA6B-A10B-4ED2-A295-E439FA56F20A}.Release|x86.Build.0 = Release|Any CPU
		{0A3F6761-D856-421A-B9ED-EB637ABFBBD5}.Debug|Any CPU.ActiveCfg = Debug|Any CPU
		{0A3F6761-D856-421A-B9ED-EB637ABFBBD5}.Debug|Any CPU.Build.0 = Debug|Any CPU
		{0A3F6761-D856-421A-B9ED-EB637ABFBBD5}.Debug|x64.ActiveCfg = Debug|Any CPU
		{0A3F6761-D856-421A-B9ED-EB637ABFBBD5}.Debug|x64.Build.0 = Debug|Any CPU
		{0A3F6761-D856-421A-B9ED-EB637ABFBBD5}.Debug|x86.ActiveCfg = Debug|Any CPU
		{0A3F6761-D856-421A-B9ED-EB637ABFBBD5}.Debug|x86.Build.0 = Debug|Any CPU
		{0A3F6761-D856-421A-B9ED-EB637ABFBBD5}.Release|Any CPU.ActiveCfg = Release|Any CPU
		{0A3F6761-D856-421A-B9ED-EB637ABFBBD5}.Release|Any CPU.Build.0 = Release|Any CPU
		{0A3F6761-D856-421A-B9ED-EB637ABFBBD5}.Release|x64.ActiveCfg = Release|Any CPU
		{0A3F6761-D856-421A-B9ED-EB637ABFBBD5}.Release|x64.Build.0 = Release|Any CPU
		{0A3F6761-D856-421A-B9ED-EB637ABFBBD5}.Release|x86.ActiveCfg = Release|Any CPU
		{0A3F6761-D856-421A-B9ED-EB637ABFBBD5}.Release|x86.Build.0 = Release|Any CPU
		{B99FA456-788F-49D2-8D7F-7281306E21C7}.Debug|Any CPU.ActiveCfg = Debug|Any CPU
		{B99FA456-788F-49D2-8D7F-7281306E21C7}.Debug|Any CPU.Build.0 = Debug|Any CPU
		{B99FA456-788F-49D2-8D7F-7281306E21C7}.Debug|x64.ActiveCfg = Debug|Any CPU
		{B99FA456-788F-49D2-8D7F-7281306E21C7}.Debug|x64.Build.0 = Debug|Any CPU
		{B99FA456-788F-49D2-8D7F-7281306E21C7}.Debug|x86.ActiveCfg = Debug|Any CPU
		{B99FA456-788F-49D2-8D7F-7281306E21C7}.Debug|x86.Build.0 = Debug|Any CPU
		{B99FA456-788F-49D2-8D7F-7281306E21C7}.Release|Any CPU.ActiveCfg = Release|Any CPU
		{B99FA456-788F-49D2-8D7F-7281306E21C7}.Release|Any CPU.Build.0 = Release|Any CPU
		{B99FA456-788F-49D2-8D7F-7281306E21C7}.Release|x64.ActiveCfg = Release|Any CPU
		{B99FA456-788F-49D2-8D7F-7281306E21C7}.Release|x64.Build.0 = Release|Any CPU
		{B99FA456-788F-49D2-8D7F-7281306E21C7}.Release|x86.ActiveCfg = Release|Any CPU
		{B99FA456-788F-49D2-8D7F-7281306E21C7}.Release|x86.Build.0 = Release|Any CPU
	EndGlobalSection
	GlobalSection(NestedProjects) = preSolution
		{D5CED4E0-385E-4913-B601-729F8421B343} = {5B272A24-8E04-4C45-8C58-550DCE9A11DE}
		{0792BB94-875D-4F52-94B5-3E46518617C7} = {D5CED4E0-385E-4913-B601-729F8421B343}
		{78D6906A-95D3-4790-9F91-8EB53FD8C088} = {D5CED4E0-385E-4913-B601-729F8421B343}
		{DFF3C93D-3310-4D37-A615-81C705B0C314} = {5B272A24-8E04-4C45-8C58-550DCE9A11DE}
		{1A75974F-05DA-49DE-88BA-6BDA45C7555B} = {DFF3C93D-3310-4D37-A615-81C705B0C314}
		{ADAA5AEB-A4CA-4AF2-B5A1-4991774DD5F5} = {5B272A24-8E04-4C45-8C58-550DCE9A11DE}
		{F1746255-3442-4DC6-88C5-7794543D4FC2} = {ADAA5AEB-A4CA-4AF2-B5A1-4991774DD5F5}
		{2FE7C9E2-C26B-42CE-816D-E0EDE2CEBF29} = {ADAA5AEB-A4CA-4AF2-B5A1-4991774DD5F5}
		{F3CBAA38-042A-4812-8142-BE7D286B3CE8} = {ADAA5AEB-A4CA-4AF2-B5A1-4991774DD5F5}
		{639BF160-17A2-4B85-8F96-CCECAB03E187} = {5B272A24-8E04-4C45-8C58-550DCE9A11DE}
		{C9D154C2-1E4F-40FC-B6D6-77FD3A24B363} = {639BF160-17A2-4B85-8F96-CCECAB03E187}
		{06881743-7F1D-42A8-947A-C2ADBC91560A} = {639BF160-17A2-4B85-8F96-CCECAB03E187}
		{EA81CA6B-A10B-4ED2-A295-E439FA56F20A} = {639BF160-17A2-4B85-8F96-CCECAB03E187}
		{0A3F6761-D856-421A-B9ED-EB637ABFBBD5} = {639BF160-17A2-4B85-8F96-CCECAB03E187}
		{B99FA456-788F-49D2-8D7F-7281306E21C7} = {DFF3C93D-3310-4D37-A615-81C705B0C314}
	EndGlobalSection
EndGlobal
